{
    "_meta": {
        "hash": {
            "sha256": "b0dad0680b51eeca63c13390ceecbac161eb770356a83db0f43ef757b63f35a5"
        },
        "pipfile-spec": 6,
        "requires": {
            "python_version": "3.12"
        },
        "sources": [
            {
                "name": "pypi",
                "url": "https://pypi.org/simple",
                "verify_ssl": true
            }
        ]
    },
    "default": {
        "ecdsa": {
            "hashes": [
                "sha256:30638e27cf77b7e15c4c4cc1973720149e1033827cfd00661ca5c8cc0cdb24c3",
                "sha256:478cba7b62555866fcb3bb3fe985e06decbdb68ef55713c4e5ab98c57d508e61"
            ],
            "markers": "python_version >= '2.6' and python_version not in '3.0, 3.1, 3.2, 3.3, 3.4, 3.5'",
            "version": "==0.19.1"
        },
        "grpc-interceptor": {
            "hashes": [
                "sha256:0035f33228693ed3767ee49d937bac424318db173fef4d2d0170b3215f254d9d",
                "sha256:1f45c0bcb58b6f332f37c637632247c9b02bc6af0fdceb7ba7ce8d2ebbfb0926"
            ],
            "index": "pypi",
            "markers": "python_version >= '3.7' and python_version < '4.0'",
            "version": "==0.15.4"
        },
        "grpcio": {
            "hashes": [
                "sha256:0ab8b2864396663a5b0b0d6d79495657ae85fa37dcb6498a2669d067c65c11ea",
                "sha256:0fa05ee31a20456b13ae49ad2e5d585265f71dd19fbd9ef983c28f926d45d0a7",
                "sha256:0ff35c8d807c1c7531d3002be03221ff9ae15712b53ab46e2a0b4bb271f38537",
                "sha256:1be857615e26a86d7363e8a163fade914595c81fec962b3d514a4b1e8760467b",
                "sha256:20e8f653abd5ec606be69540f57289274c9ca503ed38388481e98fa396ed0b41",
                "sha256:22c3bc8d488c039a199f7a003a38cb7635db6656fa96437a8accde8322ce2366",
                "sha256:24e867651fc67717b6f896d5f0cac0ec863a8b5fb7d6441c2ab428f52c651c6b",
                "sha256:2b85f7820475ad3edec209d3d89a7909ada16caab05d3f2e08a7e8ae3200a55c",
                "sha256:39983a9245d37394fd59de71e88c4b295eb510a3555e0a847d9965088cdbd033",
                "sha256:3d081e859fb1ebe176de33fc3adb26c7d46b8812f906042705346b314bde32c3",
                "sha256:469f42a0b410883185eab4689060a20488a1a0a00f8bbb3cbc1061197b4c5a79",
                "sha256:47be9584729534660416f6d2a3108aaeac1122f6b5bdbf9fd823e11fe6fbaa29",
                "sha256:4be74ddeeb92cc87190e0e376dbc8fc7736dbb6d3d454f2fa1f5be1dee26b9d7",
                "sha256:4dd0dfbe4d5eb1fcfec9490ca13f82b089a309dc3678e2edabc144051270a66e",
                "sha256:5b08d03ace7aca7b2fadd4baf291139b4a5f058805a8327bfe9aece7253b6d67",
                "sha256:63e41b91032f298b3e973b3fa4093cbbc620c875e2da7b93e249d4728b54559a",
                "sha256:652350609332de6dac4ece254e5d7e1ff834e203d6afb769601f286886f6f3a8",
                "sha256:693bc706c031aeb848849b9d1c6b63ae6bcc64057984bb91a542332b75aa4c3d",
                "sha256:74258dce215cb1995083daa17b379a1a5a87d275387b7ffe137f1d5131e2cfbb",
                "sha256:789d5e2a3a15419374b7b45cd680b1e83bbc1e52b9086e49308e2c0b5bbae6e3",
                "sha256:7c9c80ac6091c916db81131d50926a93ab162a7e97e4428ffc186b6e80d6dda4",
                "sha256:7d6ac9481d9d0d129224f6d5934d5832c4b1cddb96b59e7eba8416868909786a",
                "sha256:85da336e3649a3d2171e82f696b5cad2c6231fdd5bad52616476235681bee5b3",
                "sha256:8700a2a57771cc43ea295296330daaddc0d93c088f0a35cc969292b6db959bf3",
                "sha256:8997d6785e93308f277884ee6899ba63baafa0dfb4729748200fcc537858a509",
                "sha256:9182e0063112e55e74ee7584769ec5a0b4f18252c35787f48738627e23a62b97",
                "sha256:9b91879d6da1605811ebc60d21ab6a7e4bae6c35f6b63a061d61eb818c8168f6",
                "sha256:a2242d6950dc892afdf9e951ed7ff89473aaf744b7d5727ad56bdaace363722b",
                "sha256:a371e6b6a5379d3692cc4ea1cb92754d2a47bdddeee755d3203d1f84ae08e03e",
                "sha256:a76d39b5fafd79ed604c4be0a869ec3581a172a707e2a8d7a4858cb05a5a7637",
                "sha256:ad9f30838550695b5eb302add33f21f7301b882937460dd24f24b3cc5a95067a",
                "sha256:b2266862c5ad664a380fbbcdbdb8289d71464c42a8c29053820ee78ba0119e5d",
                "sha256:b78a99cd1ece4be92ab7c07765a0b038194ded2e0a26fd654591ee136088d8d7",
                "sha256:c200cb6f2393468142eb50ab19613229dcc7829b5ccee8b658a36005f6669fdd",
                "sha256:c30f393f9d5ff00a71bb56de4aa75b8fe91b161aeb61d39528db6b768d7eac69",
                "sha256:c6a0a28450c16809f94e0b5bfe52cabff63e7e4b97b44123ebf77f448534d07d",
                "sha256:cebc1b34ba40a312ab480ccdb396ff3c529377a2fce72c45a741f7215bfe8379",
                "sha256:d2c170247315f2d7e5798a22358e982ad6eeb68fa20cf7a820bb74c11f0736e7",
                "sha256:d35a95f05a8a2cbe8e02be137740138b3b2ea5f80bd004444e4f9a1ffc511e32",
                "sha256:d5170929109450a2c031cfe87d6716f2fae39695ad5335d9106ae88cc32dc84c",
                "sha256:d6aa986318c36508dc1d5001a3ff169a15b99b9f96ef5e98e13522c506b37eef",
                "sha256:d6de81c9c00c8a23047136b11794b3584cdc1460ed7cbc10eada50614baa1444",
                "sha256:dc1a1231ed23caac1de9f943d031f1bc38d0f69d2a3b243ea0d664fc1fbd7fec",
                "sha256:e6beeea5566092c5e3c4896c6d1d307fb46b1d4bdf3e70c8340b190a69198594",
                "sha256:e6d8de076528f7c43a2f576bc311799f89d795aa6c9b637377cc2b1616473804",
                "sha256:e6f83a583ed0a5b08c5bc7a3fe860bb3c2eac1f03f1f63e0bc2091325605d2b7",
                "sha256:f250ff44843d9a0615e350c77f890082102a0318d66a99540f54769c8766ab73",
                "sha256:f71574afdf944e6652203cd1badcda195b2a27d9c83e6d88dc1ce3cfb73b31a5",
                "sha256:f903017db76bf9cc2b2d8bdd37bf04b505bbccad6be8a81e1542206875d0e9db",
                "sha256:f9a412f55bb6e8f3bb000e020dbc1e709627dcb3a56f6431fa7076b4c1aab0db",
                "sha256:f9c30c464cb2ddfbc2ddf9400287701270fdc0f14be5f08a1e3939f1e749b455"
            ],
            "index": "pypi",
            "markers": "python_version >= '3.9'",
            "version": "==1.71.0"
        },
        "grpcio-tools": {
            "hashes": [
                "sha256:072b2a5805ac97e4623b3aa8f7818275f3fb087f4aa131b0fce00471065f6eaa",
                "sha256:0ccfb837152b7b858b9f26bb110b3ae8c46675d56130f6c2f03605c4f129be13",
                "sha256:0e647794bd7138b8c215e86277a9711a95cf6a03ff6f9e555d54fdf7378b9f9d",
                "sha256:1291a6136c07a86c3bb09f6c33f5cf227cc14956edd1b85cb572327a36e0aef8",
                "sha256:1331e726e08b7bdcbf2075fcf4b47dff07842b04845e6e220a08a4663e232d7f",
                "sha256:145985c0bf12131f0a1503e65763e0f060473f7f3928ed1ff3fb0e8aad5bc8ac",
                "sha256:192808cf553cedca73f0479cc61d5684ad61f24db7a5f3c4dfe1500342425866",
                "sha256:1f19b16b49afa5d21473f49c0966dd430c88d089cd52ac02404d8cef67134efb",
                "sha256:28784f39921d061d2164a9dcda5164a69d07bf29f91f0ea50b505958292312c9",
                "sha256:2a1712f12102b60c8d92779b89d0504e0d6f3a59f2b933e5622b8583f5c02992",
                "sha256:3059c14035e5dc03d462f261e5900b9a077fd1a36976c3865b8507474520bad4",
                "sha256:38dba8e0d5e0fb23a034e09644fdc6ed862be2371887eee54901999e8f6792a8",
                "sha256:41878cb7a75477e62fdd45e7e9155b3af1b7a5332844021e2511deaf99ac9e6c",
                "sha256:459c8f5e00e390aecd5b89de67deb3ec7188a274bc6cb50e43cef35ab3a3f45d",
                "sha256:48debc879570972d28bfe98e4970eff25bb26da3f383e0e49829b2d2cd35ad87",
                "sha256:541a756276c8a55dec991f6c0106ae20c8c8f5ce8d0bdbfcb01e2338d1a8192b",
                "sha256:56ecd6cc89b5e5eed1de5eb9cafce86c9c9043ee3840888cc464d16200290b53",
                "sha256:57e3e2544c306b60ef2d76570bac4e977be1ad548641c9eec130c3bc47e80141",
                "sha256:580ac88141c9815557e63c9c04f5b1cdb19b4db8d0cb792b573354bde1ee8b12",
                "sha256:61c0409d5bdac57a7bd0ce0ab01c1c916728fe4c8a03d77a25135ad481eb505c",
                "sha256:64bdb291df61cf570b5256777ad5fe2b1db6d67bc46e55dc56a0a862722ae329",
                "sha256:65aa082f4435571d65d5ce07fc444f23c3eff4f3e34abef599ef8c9e1f6f360f",
                "sha256:6693a7d3ba138b0e693b3d1f687cdd9db9e68976c3fa2b951c17a072fea8b583",
                "sha256:682e958b476049ccc14c71bedf3f979bced01f6e0c04852efc5887841a32ad6b",
                "sha256:6ae5f2efa9e644c10bf1021600bfc099dfbd8e02b184d2d25dc31fcd6c2bc59e",
                "sha256:6d11ed3ff7b6023b5c72a8654975324bb98c1092426ba5b481af406ff559df00",
                "sha256:753270e2d06d37e6d7af8967d1d059ec635ad215882041a36294f4e2fd502b2e",
                "sha256:77fe6db1334e0ce318b2cb4e70afa94e0c173ed1a533d37aea69ad9f61ae8ea9",
                "sha256:82c430edd939bb863550ee0fecf067d78feff828908a1b529bbe33cc57f2419c",
                "sha256:834959b6eceb85de5217a411aba1643b5f782798680c122202d6a06177226644",
                "sha256:83e90724e3f02415c628e4ead1d6ffe063820aaaa078d9a39176793df958cd5a",
                "sha256:870c0097700d13c403e5517cb7750ab5b4a791ce3e71791c411a38c5468b64bd",
                "sha256:8b93b9f6adc7491d4c10144c0643409db298e5e63c997106a804f6f0248dbaf4",
                "sha256:8dd9795e982d77a4b496f7278b943c2563d9afde2069cdee78c111a40cc4d675",
                "sha256:8e6cdbba4dae7b37b0d25d074614be9936fb720144420f03d9f142a80be69ba2",
                "sha256:8f987d0053351217954543b174b0bddbf51d45b3cfcf8d6de97b0a43d264d753",
                "sha256:989ee9da61098230d3d4c8f8f8e27c2de796f1ff21b1c90110e636d9acd9432b",
                "sha256:9a78d07d6c301a25ef5ede962920a522556a1dfee1ccc05795994ceb867f766c",
                "sha256:abd57f615e88bf93c3c6fd31f923106e3beb12f8cd2df95b0d256fa07a7a0a57",
                "sha256:af39e245fa56f7f5c2fe86b7d6c1b78f395c07e54d5613cbdbb3c24769a92b6e",
                "sha256:bfe3888c3bbe16a5aa39409bc38744a31c0c3d2daa2b0095978c56e106c85b42",
                "sha256:c1b5860c41a36b26fec4f52998f1a451d0525a5c9a4fb06b6ea3e9211abdb925",
                "sha256:d3adc8b229e60c77bab5a5d62b415667133bd5ced7d59b5f71d6317c9143631e",
                "sha256:e3ae9556e2a1cd70e7d7b0e0459c35af71d51a7dae4cf36075068011a69f13ec",
                "sha256:e52a041afc20ab2431d756b6295d727bd7adee813b21b06a3483f4a7a15ea15f",
                "sha256:edab7e6518de01196be37f96cb1e138c3819986bf5e2a6c9e1519b4d716b2f5a",
                "sha256:f360981b215b1d5aff9235b37e7e1826246e35bbac32a53e41d4e990a37b8f4c",
                "sha256:f4ad7f0d756546902597053d70b3af2606fbd70d7972876cd75c1e241d22ae00",
                "sha256:f68334d28a267fabec6e70cb5986e9999cfbfd14db654094ddf9aedd804a293a",
                "sha256:f7c678e68ece0ae908ecae1c4314a0c2c7f83e26e281738b9609860cc2c82d96",
                "sha256:ffff9bc5eacb34dd26b487194f7d44a3e64e752fc2cf049d798021bf25053b87"
            ],
            "index": "pypi",
            "markers": "python_version >= '3.9'",
            "version": "==1.71.0"
        },
        "loguru": {
            "hashes": [
                "sha256:19480589e77d47b8d85b2c827ad95d49bf31b0dcde16593892eb51dd18706eb6",
                "sha256:31a33c10c8e1e10422bfd431aeb5d351c7cf7fa671e3c4df004162264b28220c"
            ],
            "index": "pypi",
            "markers": "python_version >= '3.5' and python_version < '4.0'",
            "version": "==0.7.3"
        },
        "protobuf": {
            "hashes": [
                "sha256:13eb236f8eb9ec34e63fc8b1d6efd2777d062fa6aaa68268fb67cf77f6839ad7",
                "sha256:1832f0515b62d12d8e6ffc078d7e9eb06969aa6dc13c13e1036e39d73bebc2de",
                "sha256:307ecba1d852ec237e9ba668e087326a67564ef83e45a0189a772ede9e854dd0",
                "sha256:3fde11b505e1597f71b875ef2fc52062b6a9740e5f7c8997ce878b6009145862",
                "sha256:476cb7b14914c780605a8cf62e38c2a85f8caff2e28a6a0bad827ec7d6c85d68",
                "sha256:4f1dfcd7997b31ef8f53ec82781ff434a28bf71d9102ddde14d076adcfc78c99",
                "sha256:678974e1e3a9b975b8bc2447fca458db5f93a2fb6b0c8db46b6675b5b5346812",
                "sha256:aec4962f9ea93c431d5714ed1be1c93f13e1a8618e70035ba2b0564d9e633f2e",
                "sha256:bcefcdf3976233f8a502d265eb65ea740c989bacc6c30a58290ed0e519eb4b8d",
                "sha256:d7d3f7d1d5a66ed4942d4fefb12ac4b14a29028b209d4bfb25c68ae172059922",
                "sha256:fd32223020cb25a2cc100366f1dedc904e2d71d9322403224cdde5fdced0dabe"
            ],
            "index": "pypi",
            "markers": "python_version >= '3.8'",
            "version": "==5.29.4"
        },
        "pyasn1": {
            "hashes": [
                "sha256:014c0e9976956a08139dc0712ae195324a75e142284d5f87f1a87ee1b068a359",
                "sha256:03840c999ba71680a131cfaee6fab142e1ed9bbd9c693e285cc6aca0d555e576",
                "sha256:0458773cfe65b153891ac249bcf1b5f8f320b7c2ce462151f8fa74de8934becf",
                "sha256:08c3c53b75eaa48d71cf8c710312316392ed40899cb34710d092e96745a358b7",
                "sha256:39c7e2ec30515947ff4e87fb6f456dfc6e84857d34be479c9d4a4ba4bf46aa5d",
                "sha256:5c9414dcfede6e441f7e8f81b43b34e834731003427e5b09e4e00e3172a10f00",
                "sha256:6e7545f1a61025a4e58bb336952c5061697da694db1cae97b116e9c46abcf7c8",
                "sha256:78fa6da68ed2727915c4767bb386ab32cdba863caa7dbe473eaae45f9959da86",
                "sha256:7ab8a544af125fb704feadb008c99a88805126fb525280b2270bb25cc1d78a12",
                "sha256:99fcc3c8d804d1bc6d9a099921e39d827026409a58f2a720dcdb89374ea0c776",
                "sha256:aef77c9fb94a3ac588e87841208bdec464471d9871bd5050a287cc9a475cd0ba",
                "sha256:e89bf84b5437b532b0803ba5c9a5e054d21fec423a89952a74f87fa2c9b7bce2",
                "sha256:fec3e9d8e36808a28efb59b489e4528c10ad0f480e57dcc32b4de5c9d8c9fdf3"
            ],
            "version": "==0.4.8"
        },
        "python-jose": {
            "hashes": [
                "sha256:9a9a40f418ced8ecaf7e3b28d69887ceaa76adad3bcaa6dae0d9e596fec1d680",
                "sha256:9c9f616819652d109bd889ecd1e15e9a162b9b94d682534c9c2146092945b78f"
            ],
            "index": "pypi",
            "version": "==3.4.0"
        },
        "rsa": {
            "hashes": [
                "sha256:90260d9058e514786967344d0ef75fa8727eed8a7d2e43ce9f4bcf1b536174f7",
                "sha256:e38464a49c6c85d7f1351b0126661487a7e0a14a50f1675ec50eb34d4f20ef21"
            ],
            "markers": "python_version >= '3.6' and python_version < '4'",
            "version": "==4.9"
        },
        "setuptools": {
            "hashes": [
                "sha256:137525e6afb9022f019d6e884a319017f9bf879a0d8783985d32cbc8683cab93",
                "sha256:4a612c80e1f1d71b80e4906ce730152e8dec23df439f82731d9d0b608d7b700d"
            ],
            "markers": "python_version >= '3.9'",
            "version": "==78.0.2"
        },
        "six": {
            "hashes": [
                "sha256:4721f391ed90541fddacab5acf947aa0d3dc7d27b2e1e8eda2be8970586c3274",
                "sha256:ff70335d468e7eb6ec65b95b99d3a2836546063f63acc5171de367e834932a81"
            ],
            "markers": "python_version >= '2.7' and python_version not in '3.0, 3.1, 3.2, 3.3'",
            "version": "==1.17.0"
        },
        "watchdog": {
            "hashes": [
                "sha256:07df1fdd701c5d4c8e55ef6cf55b8f0120fe1aef7ef39a1c6fc6bc2e606d517a",
                "sha256:20ffe5b202af80ab4266dcd3e91aae72bf2da48c0d33bdb15c66658e685e94e2",
                "sha256:212ac9b8bf1161dc91bd09c048048a95ca3a4c4f5e5d4a7d1b1a7d5752a7f96f",
                "sha256:2cce7cfc2008eb51feb6aab51251fd79b85d9894e98ba847408f662b3395ca3c",
                "sha256:490ab2ef84f11129844c23fb14ecf30ef3d8a6abafd3754a6f75ca1e6654136c",
                "sha256:6eb11feb5a0d452ee41f824e271ca311a09e250441c262ca2fd7ebcf2461a06c",
                "sha256:6f10cb2d5902447c7d0da897e2c6768bca89174d0c6e1e30abec5421af97a5b0",
                "sha256:7607498efa04a3542ae3e05e64da8202e58159aa1fa4acddf7678d34a35d4f13",
                "sha256:76aae96b00ae814b181bb25b1b98076d5fc84e8a53cd8885a318b42b6d3a5134",
                "sha256:7a0e56874cfbc4b9b05c60c8a1926fedf56324bb08cfbc188969777940aef3aa",
                "sha256:82dc3e3143c7e38ec49d61af98d6558288c415eac98486a5c581726e0737c00e",
                "sha256:9041567ee8953024c83343288ccc458fd0a2d811d6a0fd68c4c22609e3490379",
                "sha256:90c8e78f3b94014f7aaae121e6b909674df5b46ec24d6bebc45c44c56729af2a",
                "sha256:9513f27a1a582d9808cf21a07dae516f0fab1cf2d7683a742c498b93eedabb11",
                "sha256:9ddf7c82fda3ae8e24decda1338ede66e1c99883db93711d8fb941eaa2d8c282",
                "sha256:a175f755fc2279e0b7312c0035d52e27211a5bc39719dd529625b1930917345b",
                "sha256:a1914259fa9e1454315171103c6a30961236f508b9b623eae470268bbcc6a22f",
                "sha256:afd0fe1b2270917c5e23c2a65ce50c2a4abb63daafb0d419fde368e272a76b7c",
                "sha256:bc64ab3bdb6a04d69d4023b29422170b74681784ffb9463ed4870cf2f3e66112",
                "sha256:bdd4e6f14b8b18c334febb9c4425a878a2ac20efd1e0b231978e7b150f92a948",
                "sha256:c7ac31a19f4545dd92fc25d200694098f42c9a8e391bc00bdd362c5736dbf881",
                "sha256:c7c15dda13c4eb00d6fb6fc508b3c0ed88b9d5d374056b239c4ad1611125c860",
                "sha256:c897ac1b55c5a1461e16dae288d22bb2e412ba9807df8397a635d88f671d36c3",
                "sha256:cbafb470cf848d93b5d013e2ecb245d4aa1c8fd0504e863ccefa32445359d680",
                "sha256:d1cdb490583ebd691c012b3d6dae011000fe42edb7a82ece80965b42abd61f26",
                "sha256:e3df4cbb9a450c6d49318f6d14f4bbc80d763fa587ba46ec86f99f9e6876bb26",
                "sha256:e6439e374fc012255b4ec786ae3c4bc838cd7309a540e5fe0952d03687d8804e",
                "sha256:e6f0e77c9417e7cd62af82529b10563db3423625c5fce018430b249bf977f9e8",
                "sha256:e7631a77ffb1f7d2eefa4445ebbee491c720a5661ddf6df3498ebecae5ed375c",
                "sha256:ef810fbf7b781a5a593894e4f439773830bdecb885e6880d957d5b9382a960d2"
            ],
            "index": "pypi",
            "markers": "python_version >= '3.9'",
            "version": "==6.0.0"
        }
    },
    "develop": {}
}
